
Microsoft Visual Studio Solution File, Format Version 12.00
# Visual Studio Version 17
VisualStudioVersion = 17.1.32210.238
MinimumVisualStudioVersion = 10.0.40219.1
Project("{FAE04EC0-301F-11D3-BF4B-00C04F79EFBC}") = "Uppgift 3.13", "Uppgift 3.13\Uppgift 3.13.csproj", "{4AA1CC33-0253-4F44-A3ED-11BB070DEA4E}"
EndProject
Global
	GlobalSection(SolutionConfigurationPlatforms) = preSolution
		Debug|Any CPU = Debug|Any CPU
		Release|Any CPU = Release|Any CPU
	EndGlobalSection
	GlobalSection(ProjectConfigurationPlatforms) = postSolution
		{4AA1CC33-0253-4F44-A3ED-11BB070DEA4E}.Debug|Any CPU.ActiveCfg = Debug|Any CPU
		{4AA1CC33-0253-4F44-A3ED-11BB070DEA4E}.Debug|Any CPU.Build.0 = Debug|Any CPU
		{4AA1CC33-0253-4F44-A3ED-11BB070DEA4E}.Release|Any CPU.ActiveCfg = Release|Any CPU
		{4AA1CC33-0253-4F44-A3ED-11BB070DEA4E}.Release|Any CPU.Build.0 = Release|Any CPU
	EndGlobalSection
	GlobalSection(SolutionProperties) = preSolution
		HideSolutionNode = FALSE
	EndGlobalSection
	GlobalSection(ExtensibilityGlobals) = postSolution
		SolutionGuid = {ACF1A4AC-063C-43E0-8690-9FF96FDB12E1}
	EndGlobalSection
EndGlobal
